<?xml version="1.0" encoding="utf-8"?>
<Project ToolsVersion="4.0" xmlns="http://schemas.microsoft.com/developer/msbuild/2003">
  <ItemGroup>
    <ClCompile Include="src\app\DemoLSystemApp.cpp">
      <Filter>src\app</Filter>
    </ClCompile>
    <ClCompile Include="src\app\main.cpp">
      <Filter>src\app</Filter>
    </ClCompile>
    <ClCompile Include="src\app\ParagraphFormatter.cpp">
      <Filter>src\app</Filter>
    </ClCompile>
    <ClCompile Include="src\app\SyphonTextRenderer.cpp">
      <Filter>src\app</Filter>
    </ClCompile>
    <ClCompile Include="src\app\TurntableCam.cpp">
      <Filter>src\app</Filter>
    </ClCompile>
    <ClCompile Include="src\core\LSystem.cpp">
      <Filter>src\core</Filter>
    </ClCompile>
    <ClCompile Include="src\core\LSystemRulesEngine.cpp">
      <Filter>src\core</Filter>
    </ClCompile>
    <ClCompile Include="src\core\ProductionRule.cpp">
      <Filter>src\core</Filter>
    </ClCompile>
    <ClCompile Include="src\core\RuleString.cpp">
      <Filter>src\core</Filter>
    </ClCompile>
    <ClCompile Include="src\core\RuleToken.cpp">
      <Filter>src\core</Filter>
    </ClCompile>
    <ClCompile Include="src\generators\ColorBook.cpp">
      <Filter>src\generators</Filter>
    </ClCompile>
    <ClCompile Include="src\generators\LineGenerator.cpp">
      <Filter>src\generators</Filter>
    </ClCompile>
    <ClCompile Include="src\generators\MeshGenerator.cpp">
      <Filter>src\generators</Filter>
    </ClCompile>
    <ClCompile Include="src\generators\ofMeshResult.cpp">
      <Filter>src\generators</Filter>
    </ClCompile>
    <ClCompile Include="src\generators\VectorFileGenerator.cpp">
      <Filter>src\generators</Filter>
    </ClCompile>
    <ClCompile Include="src\generators\VectorFileMeshResult.cpp">
      <Filter>src\generators</Filter>
    </ClCompile>
    <ClCompile Include="..\of_v0.9.8_vs_release\addons\ofxAutoReloadedShader\src\ofxAutoReloadedShader.cpp">
      <Filter>addons\ofxAutoReloadedShader\src</Filter>
    </ClCompile>
    <ClCompile Include="..\of_v0.9.8_vs_release\addons\ofxGui\src\ofxBaseGui.cpp">
      <Filter>addons\ofxGui\src</Filter>
    </ClCompile>
    <ClCompile Include="..\of_v0.9.8_vs_release\addons\ofxGui\src\ofxButton.cpp">
      <Filter>addons\ofxGui\src</Filter>
    </ClCompile>
    <ClCompile Include="..\of_v0.9.8_vs_release\addons\ofxGui\src\ofxGuiGroup.cpp">
      <Filter>addons\ofxGui\src</Filter>
    </ClCompile>
    <ClCompile Include="..\of_v0.9.8_vs_release\addons\ofxGui\src\ofxLabel.cpp">
      <Filter>addons\ofxGui\src</Filter>
    </ClCompile>
    <ClCompile Include="..\of_v0.9.8_vs_release\addons\ofxGui\src\ofxPanel.cpp">
      <Filter>addons\ofxGui\src</Filter>
    </ClCompile>
    <ClCompile Include="..\of_v0.9.8_vs_release\addons\ofxGui\src\ofxSlider.cpp">
      <Filter>addons\ofxGui\src</Filter>
    </ClCompile>
    <ClCompile Include="..\of_v0.9.8_vs_release\addons\ofxGui\src\ofxSliderGroup.cpp">
      <Filter>addons\ofxGui\src</Filter>
    </ClCompile>
    <ClCompile Include="..\of_v0.9.8_vs_release\addons\ofxGui\src\ofxToggle.cpp">
      <Filter>addons\ofxGui\src</Filter>
    </ClCompile>
    <ClCompile Include="..\of_v0.9.8_vs_release\addons\ofxOsc\src\ofxOscBundle.cpp">
      <Filter>addons\ofxOsc\src</Filter>
    </ClCompile>
    <ClCompile Include="..\of_v0.9.8_vs_release\addons\ofxOsc\src\ofxOscMessage.cpp">
      <Filter>addons\ofxOsc\src</Filter>
    </ClCompile>
    <ClCompile Include="..\of_v0.9.8_vs_release\addons\ofxOsc\src\ofxOscParameterSync.cpp">
      <Filter>addons\ofxOsc\src</Filter>
    </ClCompile>
    <ClCompile Include="..\of_v0.9.8_vs_release\addons\ofxOsc\src\ofxOscReceiver.cpp">
      <Filter>addons\ofxOsc\src</Filter>
    </ClCompile>
    <ClCompile Include="..\of_v0.9.8_vs_release\addons\ofxOsc\src\ofxOscSender.cpp">
      <Filter>addons\ofxOsc\src</Filter>
    </ClCompile>
    <ClCompile Include="..\of_v0.9.8_vs_release\addons\ofxOsc\libs\oscpack\src\ip\IpEndpointName.cpp">
      <Filter>addons\ofxOsc\libs\oscpack\src\ip</Filter>
    </ClCompile>
    <ClCompile Include="..\of_v0.9.8_vs_release\addons\ofxOsc\libs\oscpack\src\ip\win32\NetworkingUtils.cpp">
      <Filter>addons\ofxOsc\libs\oscpack\src\ip\win32</Filter>
    </ClCompile>
    <ClCompile Include="..\of_v0.9.8_vs_release\addons\ofxOsc\libs\oscpack\src\ip\win32\UdpSocket.cpp">
      <Filter>addons\ofxOsc\libs\oscpack\src\ip\win32</Filter>
    </ClCompile>
    <ClCompile Include="..\of_v0.9.8_vs_release\addons\ofxOsc\libs\oscpack\src\osc\OscOutboundPacketStream.cpp">
      <Filter>addons\ofxOsc\libs\oscpack\src\osc</Filter>
    </ClCompile>
    <ClCompile Include="..\of_v0.9.8_vs_release\addons\ofxOsc\libs\oscpack\src\osc\OscPrintReceivedElements.cpp">
      <Filter>addons\ofxOsc\libs\oscpack\src\osc</Filter>
    </ClCompile>
    <ClCompile Include="..\of_v0.9.8_vs_release\addons\ofxOsc\libs\oscpack\src\osc\OscReceivedElements.cpp">
      <Filter>addons\ofxOsc\libs\oscpack\src\osc</Filter>
    </ClCompile>
    <ClCompile Include="..\of_v0.9.8_vs_release\addons\ofxOsc\libs\oscpack\src\osc\OscTypes.cpp">
      <Filter>addons\ofxOsc\libs\oscpack\src\osc</Filter>
    </ClCompile>
    <ClCompile Include="..\of_v0.9.8_vs_release\addons\ofxShadersFX\src\LightingShader_sources.cpp">
      <Filter>addons\ofxShadersFX\src</Filter>
    </ClCompile>
    <ClCompile Include="..\of_v0.9.8_vs_release\addons\ofxShadersFX\src\MappingShader_sources.cpp">
      <Filter>addons\ofxShadersFX\src</Filter>
    </ClCompile>
    <ClCompile Include="..\of_v0.9.8_vs_release\addons\ofxShadersFX\src\ofxShadersFX.cpp">
      <Filter>addons\ofxShadersFX\src</Filter>
    </ClCompile>
    <ClCompile Include="..\of_v0.9.8_vs_release\addons\ofxShadersFX\src\ofxShadersFX_AlphaBlendingShader.cpp">
      <Filter>addons\ofxShadersFX\src</Filter>
    </ClCompile>
    <ClCompile Include="..\of_v0.9.8_vs_release\addons\ofxShadersFX\src\ofxShadersFX_ColorKeyShader.cpp">
      <Filter>addons\ofxShadersFX\src</Filter>
    </ClCompile>
    <ClCompile Include="..\of_v0.9.8_vs_release\addons\ofxShadersFX\src\ofxShadersFX_DisplaceMapShader.cpp">
      <Filter>addons\ofxShadersFX\src</Filter>
    </ClCompile>
    <ClCompile Include="..\of_v0.9.8_vs_release\addons\ofxShadersFX\src\ofxShadersFX_LightingShader.cpp">
      <Filter>addons\ofxShadersFX\src</Filter>
    </ClCompile>
    <ClCompile Include="..\of_v0.9.8_vs_release\addons\ofxShadersFX\src\ofxShadersFX_MappingShader.cpp">
      <Filter>addons\ofxShadersFX\src</Filter>
    </ClCompile>
    <ClCompile Include="..\of_v0.9.8_vs_release\addons\ofxVectorGraphics\src\ofxVectorGraphics.cpp">
      <Filter>addons\ofxVectorGraphics\src</Filter>
    </ClCompile>
    <ClCompile Include="..\of_v0.9.8_vs_release\addons\ofxVectorGraphics\libs\CreEPS.cpp">
      <Filter>addons\ofxVectorGraphics\libs</Filter>
    </ClCompile>
    <ClCompile Include="..\of_v0.9.8_vs_release\addons\ofxXmlSettings\src\ofxXmlSettings.cpp">
      <Filter>addons\ofxXmlSettings\src</Filter>
    </ClCompile>
    <ClCompile Include="..\of_v0.9.8_vs_release\addons\ofxXmlSettings\libs\tinyxml.cpp">
      <Filter>addons\ofxXmlSettings\libs</Filter>
    </ClCompile>
    <ClCompile Include="..\of_v0.9.8_vs_release\addons\ofxXmlSettings\libs\tinyxmlerror.cpp">
      <Filter>addons\ofxXmlSettings\libs</Filter>
    </ClCompile>
    <ClCompile Include="..\of_v0.9.8_vs_release\addons\ofxXmlSettings\libs\tinyxmlparser.cpp">
      <Filter>addons\ofxXmlSettings\libs</Filter>
    </ClCompile>
    <ClCompile Include="..\of_v0.9.8_vs_release\addons\ofxDomemaster\src\ofxDomemaster.cpp">
      <Filter>addons\ofxDomemaster</Filter>
    </ClCompile>
  </ItemGroup>
  <ItemGroup>
    <Filter Include="src">
      <UniqueIdentifier>{d8376475-7454-4a24-b08a-aac121d3ad6f}</UniqueIdentifier>
    </Filter>
    <Filter Include="src\app">
      <UniqueIdentifier>{36C35CEB-4364-E596-036B-2541}</UniqueIdentifier>
    </Filter>
    <Filter Include="src\core">
      <UniqueIdentifier>{72E7CB0E-268E-7C0B-3B2D-2E9D}</UniqueIdentifier>
    </Filter>
    <Filter Include="src\generators">
      <UniqueIdentifier>{8A6BE911-653A-7CF1-2A55-587D}</UniqueIdentifier>
    </Filter>
    <Filter Include="addons">
      <UniqueIdentifier>{71834F65-F3A9-211E-73B8-DC85}</UniqueIdentifier>
    </Filter>
    <Filter Include="addons\ofxAutoReloadedShader">
      <UniqueIdentifier>{521D26BE-55F6-47AB-3222-444B}</UniqueIdentifier>
    </Filter>
    <Filter Include="addons\ofxAutoReloadedShader\src">
      <UniqueIdentifier>{0051F69E-E543-1BA2-D150-22F5}</UniqueIdentifier>
    </Filter>
    <Filter Include="addons\ofxGui">
      <UniqueIdentifier>{4F2A59AF-5F4E-704B-D067-EC13}</UniqueIdentifier>
    </Filter>
    <Filter Include="addons\ofxGui\src">
      <UniqueIdentifier>{645E9533-4DCD-6179-1CDF-CB65}</UniqueIdentifier>
    </Filter>
    <Filter Include="addons\ofxOsc">
      <UniqueIdentifier>{D91DCA33-6E5D-4481-2AEC-9FBB}</UniqueIdentifier>
    </Filter>
    <Filter Include="addons\ofxOsc\src">
      <UniqueIdentifier>{B9DD339A-D93D-92A1-0A2F-4B41}</UniqueIdentifier>
    </Filter>
    <Filter Include="addons\ofxOsc\libs">
      <UniqueIdentifier>{99ECA1D9-873F-4622-8FC0-FC7B}</UniqueIdentifier>
    </Filter>
    <Filter Include="addons\ofxOsc\libs\oscpack">
      <UniqueIdentifier>{D3A98534-1602-4FEF-57A6-6593}</UniqueIdentifier>
    </Filter>
    <Filter Include="addons\ofxOsc\libs\oscpack\src">
      <UniqueIdentifier>{BFB5BB47-98C8-BBCB-3066-1046}</UniqueIdentifier>
    </Filter>
    <Filter Include="addons\ofxOsc\libs\oscpack\src\ip">
      <UniqueIdentifier>{5A029128-EB41-95C5-CBC0-CDED}</UniqueIdentifier>
    </Filter>
    <Filter Include="addons\ofxOsc\libs\oscpack\src\ip\win32">
      <UniqueIdentifier>{79DFDFE2-400B-8654-3675-01A3}</UniqueIdentifier>
    </Filter>
    <Filter Include="addons\ofxOsc\libs\oscpack\src\osc">
      <UniqueIdentifier>{EDACB89C-9768-9551-4D41-B590}</UniqueIdentifier>
    </Filter>
    <Filter Include="addons\ofxShadersFX">
      <UniqueIdentifier>{FB4F8032-184E-AE7B-8F4A-B1EC}</UniqueIdentifier>
    </Filter>
    <Filter Include="addons\ofxShadersFX\src">
      <UniqueIdentifier>{5E92B2A1-38FF-6A71-7AE3-0954}</UniqueIdentifier>
    </Filter>
    <Filter Include="addons\ofxVectorGraphics">
      <UniqueIdentifier>{5A7F3658-B06B-DB97-F4E1-DD19}</UniqueIdentifier>
    </Filter>
    <Filter Include="addons\ofxVectorGraphics\src">
      <UniqueIdentifier>{F615F000-D48C-B1D6-F1C2-6EDD}</UniqueIdentifier>
    </Filter>
    <Filter Include="addons\ofxVectorGraphics\libs">
      <UniqueIdentifier>{B341F552-35C4-7EB6-B3C9-9D96}</UniqueIdentifier>
    </Filter>
    <Filter Include="addons\ofxXmlSettings">
      <UniqueIdentifier>{877F005D-13E6-0592-1D97-F2E3}</UniqueIdentifier>
    </Filter>
    <Filter Include="addons\ofxXmlSettings\src">
      <UniqueIdentifier>{CCB2AC63-49D2-977C-CFE8-AEAD}</UniqueIdentifier>
    </Filter>
    <Filter Include="addons\ofxXmlSettings\libs">
      <UniqueIdentifier>{687714A8-1662-FA1C-261F-50F0}</UniqueIdentifier>
    </Filter>
    <Filter Include="addons\ofxDomemaster">
      <UniqueIdentifier>{bb54f5b7-7bc6-4a4b-ab5b-071891890636}</UniqueIdentifier>
    </Filter>
  </ItemGroup>
  <ItemGroup>
    <ClInclude Include="src\app\DemoLSystemApp.h">
      <Filter>src\app</Filter>
    </ClInclude>
    <ClInclude Include="src\app\DemoSystems.h">
      <Filter>src\app</Filter>
    </ClInclude>
    <ClInclude Include="src\app\ParagraphFormatter.h">
      <Filter>src\app</Filter>
    </ClInclude>
    <ClInclude Include="src\app\SyphonTextRenderer.h">
      <Filter>src\app</Filter>
    </ClInclude>
    <ClInclude Include="src\app\TurntableCam.h">
      <Filter>src\app</Filter>
    </ClInclude>
    <ClInclude Include="src\core\LSystemRulesEngine.h">
      <Filter>src\core</Filter>
    </ClInclude>
    <ClInclude Include="src\generators\ColorBook.h">
      <Filter>src\generators</Filter>
    </ClInclude>
    <ClInclude Include="src\generators\LineGenerator.h">
      <Filter>src\generators</Filter>
    </ClInclude>
    <ClInclude Include="src\generators\MeshGenerator.h">
      <Filter>src\generators</Filter>
    </ClInclude>
    <ClInclude Include="src\generators\ofMeshResult.h">
      <Filter>src\generators</Filter>
    </ClInclude>
    <ClInclude Include="src\generators\VectorFileGenerator.h">
      <Filter>src\generators</Filter>
    </ClInclude>
    <ClInclude Include="src\generators\VectorFileMeshResult.h">
      <Filter>src\generators</Filter>
    </ClInclude>
    <ClInclude Include="src\LSystem.h">
      <Filter>src</Filter>
    </ClInclude>
    <ClInclude Include="src\LSystemGenerator.h">
      <Filter>src</Filter>
    </ClInclude>
    <ClInclude Include="..\of_v0.9.8_vs_release\addons\ofxAutoReloadedShader\src\ofxAutoReloadedShader.h">
      <Filter>addons\ofxAutoReloadedShader\src</Filter>
    </ClInclude>
    <ClInclude Include="..\of_v0.9.8_vs_release\addons\ofxGui\src\ofxBaseGui.h">
      <Filter>addons\ofxGui\src</Filter>
    </ClInclude>
    <ClInclude Include="..\of_v0.9.8_vs_release\addons\ofxGui\src\ofxButton.h">
      <Filter>addons\ofxGui\src</Filter>
    </ClInclude>
    <ClInclude Include="..\of_v0.9.8_vs_release\addons\ofxGui\src\ofxGui.h">
      <Filter>addons\ofxGui\src</Filter>
    </ClInclude>
    <ClInclude Include="..\of_v0.9.8_vs_release\addons\ofxGui\src\ofxGuiGroup.h">
      <Filter>addons\ofxGui\src</Filter>
    </ClInclude>
    <ClInclude Include="..\of_v0.9.8_vs_release\addons\ofxGui\src\ofxLabel.h">
      <Filter>addons\ofxGui\src</Filter>
    </ClInclude>
    <ClInclude Include="..\of_v0.9.8_vs_release\addons\ofxGui\src\ofxPanel.h">
      <Filter>addons\ofxGui\src</Filter>
    </ClInclude>
    <ClInclude Include="..\of_v0.9.8_vs_release\addons\ofxGui\src\ofxSlider.h">
      <Filter>addons\ofxGui\src</Filter>
    </ClInclude>
    <ClInclude Include="..\of_v0.9.8_vs_release\addons\ofxGui\src\ofxSliderGroup.h">
      <Filter>addons\ofxGui\src</Filter>
    </ClInclude>
    <ClInclude Include="..\of_v0.9.8_vs_release\addons\ofxGui\src\ofxToggle.h">
      <Filter>addons\ofxGui\src</Filter>
    </ClInclude>
    <ClInclude Include="..\of_v0.9.8_vs_release\addons\ofxOsc\src\ofxOsc.h">
      <Filter>addons\ofxOsc\src</Filter>
    </ClInclude>
    <ClInclude Include="..\of_v0.9.8_vs_release\addons\ofxOsc\src\ofxOscArg.h">
      <Filter>addons\ofxOsc\src</Filter>
    </ClInclude>
    <ClInclude Include="..\of_v0.9.8_vs_release\addons\ofxOsc\src\ofxOscBundle.h">
      <Filter>addons\ofxOsc\src</Filter>
    </ClInclude>
    <ClInclude Include="..\of_v0.9.8_vs_release\addons\ofxOsc\src\ofxOscMessage.h">
      <Filter>addons\ofxOsc\src</Filter>
    </ClInclude>
    <ClInclude Include="..\of_v0.9.8_vs_release\addons\ofxOsc\src\ofxOscParameterSync.h">
      <Filter>addons\ofxOsc\src</Filter>
    </ClInclude>
    <ClInclude Include="..\of_v0.9.8_vs_release\addons\ofxOsc\src\ofxOscReceiver.h">
      <Filter>addons\ofxOsc\src</Filter>
    </ClInclude>
    <ClInclude Include="..\of_v0.9.8_vs_release\addons\ofxOsc\src\ofxOscSender.h">
      <Filter>addons\ofxOsc\src</Filter>
    </ClInclude>
    <ClInclude Include="..\of_v0.9.8_vs_release\addons\ofxOsc\libs\oscpack\src\ip\IpEndpointName.h">
      <Filter>addons\ofxOsc\libs\oscpack\src\ip</Filter>
    </ClInclude>
    <ClInclude Include="..\of_v0.9.8_vs_release\addons\ofxOsc\libs\oscpack\src\ip\NetworkingUtils.h">
      <Filter>addons\ofxOsc\libs\oscpack\src\ip</Filter>
    </ClInclude>
    <ClInclude Include="..\of_v0.9.8_vs_release\addons\ofxOsc\libs\oscpack\src\ip\PacketListener.h">
      <Filter>addons\ofxOsc\libs\oscpack\src\ip</Filter>
    </ClInclude>
    <ClInclude Include="..\of_v0.9.8_vs_release\addons\ofxOsc\libs\oscpack\src\ip\TimerListener.h">
      <Filter>addons\ofxOsc\libs\oscpack\src\ip</Filter>
    </ClInclude>
    <ClInclude Include="..\of_v0.9.8_vs_release\addons\ofxOsc\libs\oscpack\src\ip\UdpSocket.h">
      <Filter>addons\ofxOsc\libs\oscpack\src\ip</Filter>
    </ClInclude>
    <ClInclude Include="..\of_v0.9.8_vs_release\addons\ofxOsc\libs\oscpack\src\osc\MessageMappingOscPacketListener.h">
      <Filter>addons\ofxOsc\libs\oscpack\src\osc</Filter>
    </ClInclude>
    <ClInclude Include="..\of_v0.9.8_vs_release\addons\ofxOsc\libs\oscpack\src\osc\OscException.h">
      <Filter>addons\ofxOsc\libs\oscpack\src\osc</Filter>
    </ClInclude>
    <ClInclude Include="..\of_v0.9.8_vs_release\addons\ofxOsc\libs\oscpack\src\osc\OscHostEndianness.h">
      <Filter>addons\ofxOsc\libs\oscpack\src\osc</Filter>
    </ClInclude>
    <ClInclude Include="..\of_v0.9.8_vs_release\addons\ofxOsc\libs\oscpack\src\osc\OscOutboundPacketStream.h">
      <Filter>addons\ofxOsc\libs\oscpack\src\osc</Filter>
    </ClInclude>
    <ClInclude Include="..\of_v0.9.8_vs_release\addons\ofxOsc\libs\oscpack\src\osc\OscPacketListener.h">
      <Filter>addons\ofxOsc\libs\oscpack\src\osc</Filter>
    </ClInclude>
    <ClInclude Include="..\of_v0.9.8_vs_release\addons\ofxOsc\libs\oscpack\src\osc\OscPrintReceivedElements.h">
      <Filter>addons\ofxOsc\libs\oscpack\src\osc</Filter>
    </ClInclude>
    <ClInclude Include="..\of_v0.9.8_vs_release\addons\ofxOsc\libs\oscpack\src\osc\OscReceivedElements.h">
      <Filter>addons\ofxOsc\libs\oscpack\src\osc</Filter>
    </ClInclude>
    <ClInclude Include="..\of_v0.9.8_vs_release\addons\ofxOsc\libs\oscpack\src\osc\OscTypes.h">
      <Filter>addons\ofxOsc\libs\oscpack\src\osc</Filter>
    </ClInclude>
    <ClInclude Include="..\of_v0.9.8_vs_release\addons\ofxShadersFX\src\ofxShadersFX.h">
      <Filter>addons\ofxShadersFX\src</Filter>
    </ClInclude>
    <ClInclude Include="..\of_v0.9.8_vs_release\addons\ofxShadersFX\src\ofxShadersFX_AlphaBlendingShader.h">
      <Filter>addons\ofxShadersFX\src</Filter>
    </ClInclude>
    <ClInclude Include="..\of_v0.9.8_vs_release\addons\ofxShadersFX\src\ofxShadersFX_ColorKeyShader.h">
      <Filter>addons\ofxShadersFX\src</Filter>
    </ClInclude>
    <ClInclude Include="..\of_v0.9.8_vs_release\addons\ofxShadersFX\src\ofxShadersFX_DisplaceMapShader.h">
      <Filter>addons\ofxShadersFX\src</Filter>
    </ClInclude>
    <ClInclude Include="..\of_v0.9.8_vs_release\addons\ofxShadersFX\src\ofxShadersFX_LightingShader.h">
      <Filter>addons\ofxShadersFX\src</Filter>
    </ClInclude>
    <ClInclude Include="..\of_v0.9.8_vs_release\addons\ofxShadersFX\src\ofxShadersFX_MappingShader.h">
      <Filter>addons\ofxShadersFX\src</Filter>
    </ClInclude>
    <ClInclude Include="..\of_v0.9.8_vs_release\addons\ofxVectorGraphics\src\ofxVectorGraphics.h">
      <Filter>addons\ofxVectorGraphics\src</Filter>
    </ClInclude>
    <ClInclude Include="..\of_v0.9.8_vs_release\addons\ofxVectorGraphics\libs\CreEPS.hpp">
      <Filter>addons\ofxVectorGraphics\libs</Filter>
    </ClInclude>
    <ClInclude Include="..\of_v0.9.8_vs_release\addons\ofxVectorGraphics\libs\CreEPS_Types.hpp">
      <Filter>addons\ofxVectorGraphics\libs</Filter>
    </ClInclude>
    <ClInclude Include="..\of_v0.9.8_vs_release\addons\ofxXmlSettings\src\ofxXmlSettings.h">
      <Filter>addons\ofxXmlSettings\src</Filter>
    </ClInclude>
    <ClInclude Include="..\of_v0.9.8_vs_release\addons\ofxXmlSettings\libs\tinyxml.h">
      <Filter>addons\ofxXmlSettings\libs</Filter>
    </ClInclude>
    <ClInclude Include="..\of_v0.9.8_vs_release\addons\ofxDomemaster\src\ofxDomemaster.h">
      <Filter>addons\ofxDomemaster</Filter>
    </ClInclude>
  </ItemGroup>
  <ItemGroup>
    <ResourceCompile Include="icon.rc" />
  </ItemGroup>
  <ItemGroup>
    <Text Include="bin\data\systems.txt" />
  </ItemGroup>
</Project>